// !$*UTF8*$!
{
	archiveVersion = 1;
	classes = {
	};
	objectVersion = 56;
	objects = {

/* Begin PBXBuildFile section */
		86423ADC2B0998AE0016594E /* OnboardingFlowApp.swift in Sources */ = {isa = PBXBuildFile; fileRef = 86423ADB2B0998AE0016594E /* OnboardingFlowApp.swift */; };
		86423ADE2B0998AE0016594E /* ContentView.swift in Sources */ = {isa = PBXBuildFile; fileRef = 86423ADD2B0998AE0016594E /* ContentView.swift */; };
		86423AE02B0998AF0016594E /* Assets.xcassets in Resources */ = {isa = PBXBuildFile; fileRef = 86423ADF2B0998AF0016594E /* Assets.xcassets */; };
		86423AE32B0998AF0016594E /* Preview Assets.xcassets in Resources */ = {isa = PBXBuildFile; fileRef = 86423AE22B0998AF0016594E /* Preview Assets.xcassets */; };
		86423AED2B0998AF0016594E /* OnboardingFlowTests.swift in Sources */ = {isa = PBXBuildFile; fileRef = 86423AEC2B0998AF0016594E /* OnboardingFlowTests.swift */; };
		86423AF72B0998AF0016594E /* OnboardingFlowUITests.swift in Sources */ = {isa = PBXBuildFile; fileRef = 86423AF62B0998AF0016594E /* OnboardingFlowUITests.swift */; };
		86423AF92B0998AF0016594E /* OnboardingFlowUITestsLaunchTests.swift in Sources */ = {isa = PBXBuildFile; fileRef = 86423AF82B0998AF0016594E /* OnboardingFlowUITestsLaunchTests.swift */; };
		86423B062B0998E60016594E /* WelcomePage.swift in Sources */ = {isa = PBXBuildFile; fileRef = 86423B052B0998E60016594E /* WelcomePage.swift */; };
		86423B082B0AD75F0016594E /* FeaturesPage.swift in Sources */ = {isa = PBXBuildFile; fileRef = 86423B072B0AD75F0016594E /* FeaturesPage.swift */; };
		86423B0A2B0AD7990016594E /* FeatureCard.swift in Sources */ = {isa = PBXBuildFile; fileRef = 86423B092B0AD7990016594E /* FeatureCard.swift */; };
/* End PBXBuildFile section */

/* Begin PBXContainerItemProxy section */
		86423AE92B0998AF0016594E /* PBXContainerItemProxy */ = {
			isa = PBXContainerItemProxy;
			containerPortal = 86423AD02B0998AE0016594E /* Project object */;
			proxyType = 1;
			remoteGlobalIDString = 86423AD72B0998AE0016594E;
			remoteInfo = OnboardingFlow;
		};
		86423AF32B0998AF0016594E /* PBXContainerItemProxy */ = {
			isa = PBXContainerItemProxy;
			containerPortal = 86423AD02B0998AE0016594E /* Project object */;
			proxyType = 1;
			remoteGlobalIDString = 86423AD72B0998AE0016594E;
			remoteInfo = OnboardingFlow;
		};
/* End PBXContainerItemProxy section */

/* Begin PBXFileReference section */
		86423AD82B0998AE0016594E /* OnboardingFlow.app */ = {isa = PBXFileReference; explicitFileType = wrapper.application; includeInIndex = 0; path = OnboardingFlow.app; sourceTree = BUILT_PRODUCTS_DIR; };
		86423ADB2B0998AE0016594E /* OnboardingFlowApp.swift */ = {isa = PBXFileReference; lastKnownFileType = sourcecode.swift; path = OnboardingFlowApp.swift; sourceTree = "<group>"; };
		86423ADD2B0998AE0016594E /* ContentView.swift */ = {isa = PBXFileReference; lastKnownFileType = sourcecode.swift; path = ContentView.swift; sourceTree = "<group>"; };
		86423ADF2B0998AF0016594E /* Assets.xcassets */ = {isa = PBXFileReference; lastKnownFileType = folder.assetcatalog; path = Assets.xcassets; sourceTree = "<group>"; };
		86423AE22B0998AF0016594E /* Preview Assets.xcassets */ = {isa = PBXFileReference; lastKnownFileType = folder.assetcatalog; path = "Preview Assets.xcassets"; sourceTree = "<group>"; };
		86423AE82B0998AF0016594E /* OnboardingFlowTests.xctest */ = {isa = PBXFileReference; explicitFileType = wrapper.cfbundle; includeInIndex = 0; path = OnboardingFlowTests.xctest; sourceTree = BUILT_PRODUCTS_DIR; };
		86423AEC2B0998AF0016594E /* OnboardingFlowTests.swift */ = {isa = PBXFileReference; lastKnownFileType = sourcecode.swift; path = OnboardingFlowTests.swift; sourceTree = "<group>"; };
		86423AF22B0998AF0016594E /* OnboardingFlowUITests.xctest */ = {isa = PBXFileReference; explicitFileType = wrapper.cfbundle; includeInIndex = 0; path = OnboardingFlowUITests.xctest; sourceTree = BUILT_PRODUCTS_DIR; };
		86423AF62B0998AF0016594E /* OnboardingFlowUITests.swift */ = {isa = PBXFileReference; lastKnownFileType = sourcecode.swift; path = OnboardingFlowUITests.swift; sourceTree = "<group>"; };
		86423AF82B0998AF0016594E /* OnboardingFlowUITestsLaunchTests.swift */ = {isa = PBXFileReference; lastKnownFileType = sourcecode.swift; path = OnboardingFlowUITestsLaunchTests.swift; sourceTree = "<group>"; };
		86423B052B0998E60016594E /* WelcomePage.swift */ = {isa = PBXFileReference; lastKnownFileType = sourcecode.swift; path = WelcomePage.swift; sourceTree = "<group>"; };
		86423B072B0AD75F0016594E /* FeaturesPage.swift */ = {isa = PBXFileReference; lastKnownFileType = sourcecode.swift; path = FeaturesPage.swift; sourceTree = "<group>"; };
		86423B092B0AD7990016594E /* FeatureCard.swift */ = {isa = PBXFileReference; lastKnownFileType = sourcecode.swift; path = FeatureCard.swift; sourceTree = "<group>"; };
/* End PBXFileReference section */

/* Begin PBXFrameworksBuildPhase section */
		86423AD52B0998AE0016594E /* Frameworks */ = {
			isa = PBXFrameworksBuildPhase;
			buildActionMask = 2147483647;
			files = (
			);
			runOnlyForDeploymentPostprocessing = 0;
		};
		86423AE52B0998AF0016594E /* Frameworks */ = {
			isa = PBXFrameworksBuildPhase;
			buildActionMask = 2147483647;
			files = (
			);
			runOnlyForDeploymentPostprocessing = 0;
		};
		86423AEF2B0998AF0016594E /* Frameworks */ = {
			isa = PBXFrameworksBuildPhase;
			buildActionMask = 2147483647;
			files = (
			);
			runOnlyForDeploymentPostprocessing = 0;
		};
/* End PBXFrameworksBuildPhase section */

/* Begin PBXGroup section */
		86423ACF2B0998AE0016594E = {
			isa = PBXGroup;
			children = (
				86423ADA2B0998AE0016594E /* OnboardingFlow */,
				86423AEB2B0998AF0016594E /* OnboardingFlowTests */,
				86423AF52B0998AF0016594E /* OnboardingFlowUITests */,
				86423AD92B0998AE0016594E /* Products */,
			);
			sourceTree = "<group>";
		};
		86423AD92B0998AE0016594E /* Products */ = {
			isa = PBXGroup;
			children = (
				86423AD82B0998AE0016594E /* OnboardingFlow.app */,
				86423AE82B0998AF0016594E /* OnboardingFlowTests.xctest */,
				86423AF22B0998AF0016594E /* OnboardingFlowUITests.xctest */,
			);
			name = Products;
			sourceTree = "<group>";
		};
		86423ADA2B0998AE0016594E /* OnboardingFlow */ = {
			isa = PBXGroup;
			children = (
				86423ADB2B0998AE0016594E /* OnboardingFlowApp.swift */,
				86423ADD2B0998AE0016594E /* ContentView.swift */,
				86423B052B0998E60016594E /* WelcomePage.swift */,
				86423B072B0AD75F0016594E /* FeaturesPage.swift */,
				86423B092B0AD7990016594E /* FeatureCard.swift */,
				86423ADF2B0998AF0016594E /* Assets.xcassets */,
				86423AE12B0998AF0016594E /* Preview Content */,
			);
			path = OnboardingFlow;
			sourceTree = "<group>";
		};
		86423AE12B0998AF0016594E /* Preview Content */ = {
			isa = PBXGroup;
			children = (
				86423AE22B0998AF0016594E /* Preview Assets.xcassets */,
			);
			path = "Preview Content";
			sourceTree = "<group>";
		};
		86423AEB2B0998AF0016594E /* OnboardingFlowTests */ = {
			isa = PBXGroup;
			children = (
				86423AEC2B0998AF0016594E /* OnboardingFlowTests.swift */,
			);
			path = OnboardingFlowTests;
			sourceTree = "<group>";
		};
		86423AF52B0998AF0016594E /* OnboardingFlowUITests */ = {
			isa = PBXGroup;
			children = (
				86423AF62B0998AF0016594E /* OnboardingFlowUITests.swift */,
				86423AF82B0998AF0016594E /* OnboardingFlowUITestsLaunchTests.swift */,
			);
			path = OnboardingFlowUITests;
			sourceTree = "<group>";
		};
/* End PBXGroup section */

/* Begin PBXNativeTarget section */
		86423AD72B0998AE0016594E /* OnboardingFlow */ = {
			isa = PBXNativeTarget;
			buildConfigurationList = 86423AFC2B0998AF0016594E /* Build configuration list for PBXNativeTarget "OnboardingFlow" */;
			buildPhases = (
				86423AD42B0998AE0016594E /* Sources */,
				86423AD52B0998AE0016594E /* Frameworks */,
				86423AD62B0998AE0016594E /* Resources */,
			);
			buildRules = (
			);
			dependencies = (
			);
			name = OnboardingFlow;
			productName = OnboardingFlow;
			productReference = 86423AD82B0998AE0016594E /* OnboardingFlow.app */;
			productType = "com.apple.product-type.application";
		};
		86423AE72B0998AF0016594E /* OnboardingFlowTests */ = {
			isa = PBXNativeTarget;
			buildConfigurationList = 86423AFF2B0998AF0016594E /* Build configuration list for PBXNativeTarget "OnboardingFlowTests" */;
			buildPhases = (
				86423AE42B0998AF0016594E /* Sources */,
				86423AE52B0998AF0016594E /* Frameworks */,
				86423AE62B0998AF0016594E /* Resources */,
			);
			buildRules = (
			);
			dependencies = (
				86423AEA2B0998AF0016594E /* PBXTargetDependency */,
			);
			name = OnboardingFlowTests;
			productName = OnboardingFlowTests;
			productReference = 86423AE82B0998AF0016594E /* OnboardingFlowTests.xctest */;
			productType = "com.apple.product-type.bundle.unit-test";
		};
		86423AF12B0998AF0016594E /* OnboardingFlowUITests */ = {
			isa = PBXNativeTarget;
			buildConfigurationList = 86423B022B0998AF0016594E /* Build configuration list for PBXNativeTarget "OnboardingFlowUITests" */;
			buildPhases = (
				86423AEE2B0998AF0016594E /* Sources */,
				86423AEF2B0998AF0016594E /* Frameworks */,
				86423AF02B0998AF0016594E /* Resources */,
			);
			buildRules = (
			);
			dependencies = (
				86423AF42B0998AF0016594E /* PBXTargetDependency */,
			);
			name = OnboardingFlowUITests;
			productName = OnboardingFlowUITests;
			productReference = 86423AF22B0998AF0016594E /* OnboardingFlowUITests.xctest */;
			productType = "com.apple.product-type.bundle.ui-testing";
		};
/* End PBXNativeTarget section */

/* Begin PBXProject section */
		86423AD02B0998AE0016594E /* Project object */ = {
			isa = PBXProject;
			attributes = {
				BuildIndependentTargetsInParallel = 1;
				LastSwiftUpdateCheck = 1500;
				LastUpgradeCheck = 1500;
				TargetAttributes = {
					86423AD72B0998AE0016594E = {
						CreatedOnToolsVersion = 15.0.1;
					};
					86423AE72B0998AF0016594E = {
						CreatedOnToolsVersion = 15.0.1;
						TestTargetID = 86423AD72B0998AE0016594E;
					};
					86423AF12B0998AF0016594E = {
						CreatedOnToolsVersion = 15.0.1;
						TestTargetID = 86423AD72B0998AE0016594E;
					};
				};
			};
			buildConfigurationList = 86423AD32B0998AE0016594E /* Build configuration list for PBXProject "OnboardingFlow" */;
			compatibilityVersion = "Xcode 14.0";
			developmentRegion = en;
			hasScannedForEncodings = 0;
			knownRegions = (
				en,
				Base,
			);
			mainGroup = 86423ACF2B0998AE0016594E;
			productRefGroup = 86423AD92B0998AE0016594E /* Products */;
			projectDirPath = "";
			projectRoot = "";
			targets = (
				86423AD72B0998AE0016594E /* OnboardingFlow */,
				86423AE72B0998AF0016594E /* OnboardingFlowTests */,
				86423AF12B0998AF0016594E /* OnboardingFlowUITests */,
			);
		};
/* End PBXProject section */

/* Begin PBXResourcesBuildPhase section */
		86423AD62B0998AE0016594E /* Resources */ = {
			isa = PBXResourcesBuildPhase;
			buildActionMask = 2147483647;
			files = (
				86423AE32B0998AF0016594E /* Preview Assets.xcassets in Resources */,
				86423AE02B0998AF0016594E /* Assets.xcassets in Resources */,
			);
			runOnlyForDeploymentPostprocessing = 0;
		};
		86423AE62B0998AF0016594E /* Resources */ = {
			isa = PBXResourcesBuildPhase;
			buildActionMask = 2147483647;
			files = (
			);
			runOnlyForDeploymentPostprocessing = 0;
		};
		86423AF02B0998AF0016594E /* Resources */ = {
			isa = PBXResourcesBuildPhase;
			buildActionMask = 2147483647;
			files = (
			);
			runOnlyForDeploymentPostprocessing = 0;
		};
/* End PBXResourcesBuildPhase section */

/* Begin PBXSourcesBuildPhase section */
		86423AD42B0998AE0016594E /* Sources */ = {
			isa = PBXSourcesBuildPhase;
			buildActionMask = 2147483647;
			files = (
				86423B062B0998E60016594E /* WelcomePage.swift in Sources */,
				86423B082B0AD75F0016594E /* FeaturesPage.swift in Sources */,
				86423ADE2B0998AE0016594E /* ContentView.swift in Sources */,
				86423ADC2B0998AE0016594E /* OnboardingFlowApp.swift in Sources */,
				86423B0A2B0AD7990016594E /* FeatureCard.swift in Sources */,
			);
			runOnlyForDeploymentPostprocessing = 0;
		};
		86423AE42B0998AF0016594E /* Sources */ = {
			isa = PBXSourcesBuildPhase;
			buildActionMask = 2147483647;
			files = (
				86423AED2B0998AF0016594E /* OnboardingFlowTests.swift in Sources */,
			);
			runOnlyForDeploymentPostprocessing = 0;
		};
		86423AEE2B0998AF0016594E /* Sources */ = {
			isa = PBXSourcesBuildPhase;
			buildActionMask = 2147483647;
			files = (
				86423AF72B0998AF0016594E /* OnboardingFlowUITests.swift in Sources */,
				86423AF92B0998AF0016594E /* OnboardingFlowUITestsLaunchTests.swift in Sources */,
			);
			runOnlyForDeploymentPostprocessing = 0;
		};
/* End PBXSourcesBuildPhase section */

/* Begin PBXTargetDependency section */
		86423AEA2B0998AF0016594E /* PBXTargetDependency */ = {
			isa = PBXTargetDependency;
			target = 86423AD72B0998AE0016594E /* OnboardingFlow */;
			targetProxy = 86423AE92B0998AF0016594E /* PBXContainerItemProxy */;
		};
		86423AF42B0998AF0016594E /* PBXTargetDependency */ = {
			isa = PBXTargetDependency;
			target = 86423AD72B0998AE0016594E /* OnboardingFlow */;
			targetProxy = 86423AF32B0998AF0016594E /* PBXContainerItemProxy */;
		};
/* End PBXTargetDependency section */

/* Begin XCBuildConfiguration section */
		86423AFA2B0998AF0016594E /* Debug */ = {
			isa = XCBuildConfiguration;
			buildSettings = {
				ALWAYS_SEARCH_USER_PATHS = NO;
				ASSETCATALOG_COMPILER_GENERATE_SWIFT_ASSET_SYMBOL_EXTENSIONS = YES;
				CLANG_ANALYZER_NONNULL = YES;
				CLANG_ANALYZER_NUMBER_OBJECT_CONVERSION = YES_AGGRESSIVE;
				CLANG_CXX_LANGUAGE_STANDARD = "gnu++20";
				CLANG_ENABLE_MODULES = YES;
				CLANG_ENABLE_OBJC_ARC = YES;
				CLANG_ENABLE_OBJC_WEAK = YES;
				CLANG_WARN_BLOCK_CAPTURE_AUTORELEASING = YES;
				CLANG_WARN_BOOL_CONVERSION = YES;
				CLANG_WARN_COMMA = YES;
				CLANG_WARN_CONSTANT_CONVERSION = YES;
				CLANG_WARN_DEPRECATED_OBJC_IMPLEMENTATIONS = YES;
				CLANG_WARN_DIRECT_OBJC_ISA_USAGE = YES_ERROR;
				CLANG_WARN_DOCUMENTATION_COMMENTS = YES;
				CLANG_WARN_EMPTY_BODY = YES;
				CLANG_WARN_ENUM_CONVERSION = YES;
				CLANG_WARN_INFINITE_RECURSION = YES;
				CLANG_WARN_INT_CONVERSION = YES;
				CLANG_WARN_NON_LITERAL_NULL_CONVERSION = YES;
				CLANG_WARN_OBJC_IMPLICIT_RETAIN_SELF = YES;
				CLANG_WARN_OBJC_LITERAL_CONVERSION = YES;
				CLANG_WARN_OBJC_ROOT_CLASS = YES_ERROR;
				CLANG_WARN_QUOTED_INCLUDE_IN_FRAMEWORK_HEADER = YES;
				CLANG_WARN_RANGE_LOOP_ANALYSIS = YES;
				CLANG_WARN_STRICT_PROTOTYPES = YES;
				CLANG_WARN_SUSPICIOUS_MOVE = YES;
				CLANG_WARN_UNGUARDED_AVAILABILITY = YES_AGGRESSIVE;
				CLANG_WARN_UNREACHABLE_CODE = YES;
				CLANG_WARN__DUPLICATE_METHOD_MATCH = YES;
				COPY_PHASE_STRIP = NO;
				DEBUG_INFORMATION_FORMAT = dwarf;
				ENABLE_STRICT_OBJC_MSGSEND = YES;
				ENABLE_TESTABILITY = YES;
				ENABLE_USER_SCRIPT_SANDBOXING = YES;
				GCC_C_LANGUAGE_STANDARD = gnu17;
				GCC_DYNAMIC_NO_PIC = NO;
				GCC_NO_COMMON_BLOCKS = YES;
				GCC_OPTIMIZATION_LEVEL = 0;
				GCC_PREPROCESSOR_DEFINITIONS = (
					"DEBUG=1",
					"$(inherited)",
				);
				GCC_WARN_64_TO_32_BIT_CONVERSION = YES;
				GCC_WARN_ABOUT_RETURN_TYPE = YES_ERROR;
				GCC_WARN_UNDECLARED_SELECTOR = YES;
				GCC_WARN_UNINITIALIZED_AUTOS = YES_AGGRESSIVE;
				GCC_WARN_UNUSED_FUNCTION = YES;
				GCC_WARN_UNUSED_VARIABLE = YES;
				IPHONEOS_DEPLOYMENT_TARGET = 17.0;
				LOCALIZATION_PREFERS_STRING_CATALOGS = YES;
				MTL_ENABLE_DEBUG_INFO = INCLUDE_SOURCE;
				MTL_FAST_MATH = YES;
				ONLY_ACTIVE_ARCH = YES;
				SDKROOT = iphoneos;
				SWIFT_ACTIVE_COMPILATION_CONDITIONS = "DEBUG $(inherited)";
				SWIFT_OPTIMIZATION_LEVEL = "-Onone";
			};
			name = Debug;
		};
		86423AFB2B0998AF0016594E /* Release */ = {
			isa = XCBuildConfiguration;
			buildSettings = {
				ALWAYS_SEARCH_USER_PATHS = NO;
				ASSETCATALOG_COMPILER_GENERATE_SWIFT_ASSET_SYMBOL_EXTENSIONS = YES;
				CLANG_ANALYZER_NONNULL = YES;
				CLANG_ANALYZER_NUMBER_OBJECT_CONVERSION = YES_AGGRESSIVE;
				CLANG_CXX_LANGUAGE_STANDARD = "gnu++20";
				CLANG_ENABLE_MODULES = YES;
				CLANG_ENABLE_OBJC_ARC = YES;
				CLANG_ENABLE_OBJC_WEAK = YES;
				CLANG_WARN_BLOCK_CAPTURE_AUTORELEASING = YES;
				CLANG_WARN_BOOL_CONVERSION = YES;
				CLANG_WARN_COMMA = YES;
				CLANG_WARN_CONSTANT_CONVERSION = YES;
				CLANG_WARN_DEPRECATED_OBJC_IMPLEMENTATIONS = YES;
				CLANG_WARN_DIRECT_OBJC_ISA_USAGE = YES_ERROR;
				CLANG_WARN_DOCUMENTATION_COMMENTS = YES;
				CLANG_WARN_EMPTY_BODY = YES;
				CLANG_WARN_ENUM_CONVERSION = YES;
				CLANG_WARN_INFINITE_RECURSION = YES;
				CLANG_WARN_INT_CONVERSION = YES;
				CLANG_WARN_NON_LITERAL_NULL_CONVERSION = YES;
				CLANG_WARN_OBJC_IMPLICIT_RETAIN_SELF = YES;
				CLANG_WARN_OBJC_LITERAL_CONVERSION = YES;
				CLANG_WARN_OBJC_ROOT_CLASS = YES_ERROR;
				CLANG_WARN_QUOTED_INCLUDE_IN_FRAMEWORK_HEADER = YES;
				CLANG_WARN_RANGE_LOOP_ANALYSIS = YES;
				CLANG_WARN_STRICT_PROTOTYPES = YES;
				CLANG_WARN_SUSPICIOUS_MOVE = YES;
				CLANG_WARN_UNGUARDED_AVAILABILITY = YES_AGGRESSIVE;
				CLANG_WARN_UNREACHABLE_CODE = YES;
				CLANG_WARN__DUPLICATE_METHOD_MATCH = YES;
				COPY_PHASE_STRIP = NO;
				DEBUG_INFORMATION_FORMAT = "dwarf-with-dsym";
				ENABLE_NS_ASSERTIONS = NO;
				ENABLE_STRICT_OBJC_MSGSEND = YES;
				ENABLE_USER_SCRIPT_SANDBOXING = YES;
				GCC_C_LANGUAGE_STANDARD = gnu17;
				GCC_NO_COMMON_BLOCKS = YES;
				GCC_WARN_64_TO_32_BIT_CONVERSION = YES;
				GCC_WARN_ABOUT_RETURN_TYPE = YES_ERROR;
				GCC_WARN_UNDECLARED_SELECTOR = YES;
				GCC_WARN_UNINITIALIZED_AUTOS = YES_AGGRESSIVE;
				GCC_WARN_UNUSED_FUNCTION = YES;
				GCC_WARN_UNUSED_VARIABLE = YES;
				IPHONEOS_DEPLOYMENT_TARGET = 17.0;
				LOCALIZATION_PREFERS_STRING_CATALOGS = YES;
				MTL_ENABLE_DEBUG_INFO = NO;
				MTL_FAST_MATH = YES;
				SDKROOT = iphoneos;
				SWIFT_COMPILATION_MODE = wholemodule;
				VALIDATE_PRODUCT = YES;
			};
			name = Release;
		};
		86423AFD2B0998AF0016594E /* Debug */ = {
			isa = XCBuildConfiguration;
			buildSettings = {
				ASSETCATALOG_COMPILER_APPICON_NAME = AppIcon;
				ASSETCATALOG_COMPILER_GLOBAL_ACCENT_COLOR_NAME = AccentColor;
				CODE_SIGN_STYLE = Automatic;
				CURRENT_PROJECT_VERSION = 1;
				DEVELOPMENT_ASSET_PATHS = "\"OnboardingFlow/Preview Content\"";
				DEVELOPMENT_TEAM = "";
				ENABLE_PREVIEWS = YES;
				GENERATE_INFOPLIST_FILE = YES;
				INFOPLIST_KEY_UIApplicationSceneManifest_Generation = YES;
				INFOPLIST_KEY_UIApplicationSupportsIndirectInputEvents = YES;
				INFOPLIST_KEY_UILaunchScreen_Generation = YES;
				INFOPLIST_KEY_UISupportedInterfaceOrientations_iPad = "UIInterfaceOrientationPortrait UIInterfaceOrientationPortraitUpsideDown UIInterfaceOrientationLandscapeLeft UIInterfaceOrientationLandscapeRight";
				INFOPLIST_KEY_UISupportedInterfaceOrientations_iPhone = "UIInterfaceOrientationPortrait UIInterfaceOrientationLandscapeLeft UIInterfaceOrientationLandscapeRight";
				LD_RUNPATH_SEARCH_PATHS = (
					"$(inherited)",
					"@executable_path/Frameworks",
				);
				MARKETING_VERSION = 1.0;
				PRODUCT_BUNDLE_IDENTIFIER = name.OnboardingFlow;
				PRODUCT_NAME = "$(TARGET_NAME)";
				SWIFT_EMIT_LOC_STRINGS = YES;
				SWIFT_VERSION = 5.0;
				TARGETED_DEVICE_FAMILY = "1,2";
			};
			name = Debug;
		};
		86423AFE2B0998AF0016594E /* Release */ = {
			isa = XCBuildConfiguration;
			buildSettings = {
				ASSETCATALOG_COMPILER_APPICON_NAME = AppIcon;
				ASSETCATALOG_COMPILER_GLOBAL_ACCENT_COLOR_NAME = AccentColor;
				CODE_SIGN_STYLE = Automatic;
				CURRENT_PROJECT_VERSION = 1;
				DEVELOPMENT_ASSET_PATHS = "\"OnboardingFlow/Preview Content\"";
				DEVELOPMENT_TEAM = "";
				ENABLE_PREVIEWS = YES;
				GENERATE_INFOPLIST_FILE = YES;
				INFOPLIST_KEY_UIApplicationSceneManifest_Generation = YES;
				INFOPLIST_KEY_UIApplicationSupportsIndirectInputEvents = YES;
				INFOPLIST_KEY_UILaunchScreen_Generation = YES;
				INFOPLIST_KEY_UISupportedInterfaceOrientations_iPad = "UIInterfaceOrientationPortrait UIInterfaceOrientationPortraitUpsideDown UIInterfaceOrientationLandscapeLeft UIInterfaceOrientationLandscapeRight";
				INFOPLIST_KEY_UISupportedInterfaceOrientations_iPhone = "UIInterfaceOrientationPortrait UIInterfaceOrientationLandscapeLeft UIInterfaceOrientationLandscapeRight";
				LD_RUNPATH_SEARCH_PATHS = (
					"$(inherited)",
					"@executable_path/Frameworks",
				);
				MARKETING_VERSION = 1.0;
				PRODUCT_BUNDLE_IDENTIFIER = name.OnboardingFlow;
				PRODUCT_NAME = "$(TARGET_NAME)";
				SWIFT_EMIT_LOC_STRINGS = YES;
				SWIFT_VERSION = 5.0;
				TARGETED_DEVICE_FAMILY = "1,2";
			};
			name = Release;
		};
		86423B002B0998AF0016594E /* Debug */ = {
			isa = XCBuildConfiguration;
			buildSettings = {
				ALWAYS_EMBED_SWIFT_STANDARD_LIBRARIES = YES;
				BUNDLE_LOADER = "$(TEST_HOST)";
				CODE_SIGN_STYLE = Automatic;
				CURRENT_PROJECT_VERSION = 1;
				DEVELOPMENT_TEAM = MRVWRZWE3H;
				GENERATE_INFOPLIST_FILE = YES;
				IPHONEOS_DEPLOYMENT_TARGET = 17.0;
				MARKETING_VERSION = 1.0;
				PRODUCT_BUNDLE_IDENTIFIER = name.samekard.OnboardingFlowTests;
				PRODUCT_NAME = "$(TARGET_NAME)";
				SWIFT_EMIT_LOC_STRINGS = NO;
				SWIFT_VERSION = 5.0;
				TARGETED_DEVICE_FAMILY = "1,2";
				TEST_HOST = "$(BUILT_PRODUCTS_DIR)/OnboardingFlow.app/$(BUNDLE_EXECUTABLE_FOLDER_PATH)/OnboardingFlow";
			};
			name = Debug;
		};
		86423B012B0998AF0016594E /* Release */ = {
			isa = XCBuildConfiguration;
			buildSettings = {
				ALWAYS_EMBED_SWIFT_STANDARD_LIBRARIES = YES;
				BUNDLE_LOADER = "$(TEST_HOST)";
				CODE_SIGN_STYLE = Automatic;
				CURRENT_PROJECT_VERSION = 1;
				DEVELOPMENT_TEAM = MRVWRZWE3H;
				GENERATE_INFOPLIST_FILE = YES;
				IPHONEOS_DEPLOYMENT_TARGET = 17.0;
				MARKETING_VERSION = 1.0;
				PRODUCT_BUNDLE_IDENTIFIER = name.samekard.OnboardingFlowTests;
				PRODUCT_NAME = "$(TARGET_NAME)";
				SWIFT_EMIT_LOC_STRINGS = NO;
				SWIFT_VERSION = 5.0;
				TARGETED_DEVICE_FAMILY = "1,2";
				TEST_HOST = "$(BUILT_PRODUCTS_DIR)/OnboardingFlow.app/$(BUNDLE_EXECUTABLE_FOLDER_PATH)/OnboardingFlow";
			};
			name = Release;
		};
		86423B032B0998AF0016594E /* Debug */ = {
			isa = XCBuildConfiguration;
			buildSettings = {
				ALWAYS_EMBED_SWIFT_STANDARD_LIBRARIES = YES;
				CODE_SIGN_STYLE = Automatic;
				CURRENT_PROJECT_VERSION = 1;
				DEVELOPMENT_TEAM = MRVWRZWE3H;
				GENERATE_INFOPLIST_FILE = YES;
				MARKETING_VERSION = 1.0;
				PRODUCT_BUNDLE_IDENTIFIER = name.samekard.OnboardingFlowUITests;
				PRODUCT_NAME = "$(TARGET_NAME)";
				SWIFT_EMIT_LOC_STRINGS = NO;
				SWIFT_VERSION = 5.0;
				TARGETED_DEVICE_FAMILY = "1,2";
				TEST_TARGET_NAME = OnboardingFlow;
			};
			name = Debug;
		};
		86423B042B0998AF0016594E /* Release */ = {
			isa = XCBuildConfiguration;
			buildSettings = {
				ALWAYS_EMBED_SWIFT_STANDARD_LIBRARIES = YES;
				CODE_SIGN_STYLE = Automatic;
				CURRENT_PROJECT_VERSION = 1;
				DEVELOPMENT_TEAM = MRVWRZWE3H;
				GENERATE_INFOPLIST_FILE = YES;
				MARKETING_VERSION = 1.0;
				PRODUCT_BUNDLE_IDENTIFIER = name.samekard.OnboardingFlowUITests;
				PRODUCT_NAME = "$(TARGET_NAME)";
				SWIFT_EMIT_LOC_STRINGS = NO;
				SWIFT_VERSION = 5.0;
				TARGETED_DEVICE_FAMILY = "1,2";
				TEST_TARGET_NAME = OnboardingFlow;
			};
			name = Release;
		};
/* End XCBuildConfiguration section */

/* Begin XCConfigurationList section */
		86423AD32B0998AE0016594E /* Build configuration list for PBXProject "OnboardingFlow" */ = {
			isa = XCConfigurationList;
			buildConfigurations = (
				86423AFA2B0998AF0016594E /* Debug */,
				86423AFB2B0998AF0016594E /* Release */,
			);
			defaultConfigurationIsVisible = 0;
			defaultConfigurationName = Release;
		};
		86423AFC2B0998AF0016594E /* Build configuration list for PBXNativeTarget "OnboardingFlow" */ = {
			isa = XCConfigurationList;
			buildConfigurations = (
				86423AFD2B0998AF0016594E /* Debug */,
				86423AFE2B0998AF0016594E /* Release */,
			);
			defaultConfigurationIsVisible = 0;
			defaultConfigurationName = Release;
		};
		86423AFF2B0998AF0016594E /* Build configuration list for PBXNativeTarget "OnboardingFlowTests" */ = {
			isa = XCConfigurationList;
			buildConfigurations = (
				86423B002B0998AF0016594E /* Debug */,
				86423B012B0998AF0016594E /* Release */,
			);
			defaultConfigurationIsVisible = 0;
			defaultConfigurationName = Release;
		};
		86423B022B0998AF0016594E /* Build configuration list for PBXNativeTarget "OnboardingFlowUITests" */ = {
			isa = XCConfigurationList;
			buildConfigurations = (
				86423B032B0998AF0016594E /* Debug */,
				86423B042B0998AF0016594E /* Release */,
			);
			defaultConfigurationIsVisible = 0;
			defaultConfigurationName = Release;
		};
/* End XCConfigurationList section */
	};
	rootObject = 86423AD02B0998AE0016594E /* Project object */;
}
